
Microsoft Visual Studio Solution File, Format Version 12.00
# Visual Studio 2012
Project("{FAE04EC0-301F-11D3-BF4B-00C04F79EFBC}") = "Minesweeper.Tests", "Minesweeper.Tests\Minesweeper.Tests.csproj", "{AFD49DAF-C5D4-4E3B-98BE-FF924E82DF51}"
EndProject
Project("{FAE04EC0-301F-11D3-BF4B-00C04F79EFBC}") = "Minesweeper.Console", "Minesweeper.Console\Minesweeper.Console.csproj", "{6CED795B-EFAD-4437-BAA8-61E57533CC4B}"
EndProject
Global
	GlobalSection(SolutionConfigurationPlatforms) = preSolution
		Debug|Any CPU = Debug|Any CPU
		Release|Any CPU = Release|Any CPU
	EndGlobalSection
	GlobalSection(ProjectConfigurationPlatforms) = postSolution
		{AFD49DAF-C5D4-4E3B-98BE-FF924E82DF51}.Debug|Any CPU.ActiveCfg = Debug|Any CPU
		{AFD49DAF-C5D4-4E3B-98BE-FF924E82DF51}.Debug|Any CPU.Build.0 = Debug|Any CPU
		{AFD49DAF-C5D4-4E3B-98BE-FF924E82DF51}.Release|Any CPU.ActiveCfg = Release|Any CPU
		{AFD49DAF-C5D4-4E3B-98BE-FF924E82DF51}.Release|Any CPU.Build.0 = Release|Any CPU
		{6CED795B-EFAD-4437-BAA8-61E57533CC4B}.Debug|Any CPU.ActiveCfg = Debug|Any CPU
		{6CED795B-EFAD-4437-BAA8-61E57533CC4B}.Debug|Any CPU.Build.0 = Debug|Any CPU
		{6CED795B-EFAD-4437-BAA8-61E57533CC4B}.Release|Any CPU.ActiveCfg = Release|Any CPU
		{6CED795B-EFAD-4437-BAA8-61E57533CC4B}.Release|Any CPU.Build.0 = Release|Any CPU
	EndGlobalSection
	GlobalSection(SolutionProperties) = preSolution
		HideSolutionNode = FALSE
	EndGlobalSection
EndGlobal
